
Microsoft Visual Studio Solution File, Format Version 12.00
# Visual Studio Version 17
VisualStudioVersion = 17.10.34928.147
MinimumVisualStudioVersion = 10.0.40219.1
Project("{FAE04EC0-301F-11D3-BF4B-00C04F79EFBC}") = "Egma.API", "Egma.API\Egma.API.csproj", "{788DC07F-FF64-4CC3-82BF-4063D791501D}"
EndProject
Global
	GlobalSection(SolutionConfigurationPlatforms) = preSolution
		Debug|Any CPU = Debug|Any CPU
		Release|Any CPU = Release|Any CPU
	EndGlobalSection
	GlobalSection(ProjectConfigurationPlatforms) = postSolution
		{788DC07F-FF64-4CC3-82BF-4063D791501D}.Debug|Any CPU.ActiveCfg = Debug|Any CPU
		{788DC07F-FF64-4CC3-82BF-4063D791501D}.Debug|Any CPU.Build.0 = Debug|Any CPU
		{788DC07F-FF64-4CC3-82BF-4063D791501D}.Release|Any CPU.ActiveCfg = Release|Any CPU
		{788DC07F-FF64-4CC3-82BF-4063D791501D}.Release|Any CPU.Build.0 = Release|Any CPU
	EndGlobalSection
	GlobalSection(SolutionProperties) = preSolution
		HideSolutionNode = FALSE
	EndGlobalSection
	GlobalSection(ExtensibilityGlobals) = postSolution
		SolutionGuid = {ECEFDAAE-CB6C-49D7-A4E1-0E485EAC633C}
	EndGlobalSection
EndGlobal
